// !$*UTF8*$!
{
	archiveVersion = 1;
	classes = {
	};
	objectVersion = 51;
	objects = {

/* Begin PBXBuildFile section */
		32D3DC4024F14E280098D608 /* AppDelegate.m in Sources */ = {isa = PBXBuildFile; fileRef = 32D3DC3F24F14E280098D608 /* AppDelegate.m */; };
		32D3DC4624F14E280098D608 /* ViewController.m in Sources */ = {isa = PBXBuildFile; fileRef = 32D3DC4524F14E280098D608 /* ViewController.m */; };
		32D3DC4924F14E280098D608 /* Main.storyboard in Resources */ = {isa = PBXBuildFile; fileRef = 32D3DC4724F14E280098D608 /* Main.storyboard */; };
		32D3DC4B24F14E290098D608 /* Assets.xcassets in Resources */ = {isa = PBXBuildFile; fileRef = 32D3DC4A24F14E290098D608 /* Assets.xcassets */; };
		32D3DC4E24F14E290098D608 /* LaunchScreen.storyboard in Resources */ = {isa = PBXBuildFile; fileRef = 32D3DC4C24F14E290098D608 /* LaunchScreen.storyboard */; };
		32D3DC5124F14E290098D608 /* main.m in Sources */ = {isa = PBXBuildFile; fileRef = 32D3DC5024F14E290098D608 /* main.m */; };
		32D3DCBB24F181610098D608 /* KLClubListViewController.m in Sources */ = {isa = PBXBuildFile; fileRef = 32D3DC7F24F181610098D608 /* KLClubListViewController.m */; };
		32D3DCBC24F181610098D608 /* KLClubViewController.m in Sources */ = {isa = PBXBuildFile; fileRef = 32D3DC8024F181610098D608 /* KLClubViewController.m */; };
		32D3DCBD24F181610098D608 /* KLVideoFocusViewController.m in Sources */ = {isa = PBXBuildFile; fileRef = 32D3DC8B24F181610098D608 /* KLVideoFocusViewController.m */; };
		32D3DCBE24F181610098D608 /* KLVideoFollowViewController.m in Sources */ = {isa = PBXBuildFile; fileRef = 32D3DC8C24F181610098D608 /* KLVideoFollowViewController.m */; };
		32D3DCBF24F181610098D608 /* KLHomeViewController.m in Sources */ = {isa = PBXBuildFile; fileRef = 32D3DC8D24F181610098D608 /* KLHomeViewController.m */; };
		32D3DCC024F181610098D608 /* KLVideoCollectionCell.m in Sources */ = {isa = PBXBuildFile; fileRef = 32D3DC8F24F181610098D608 /* KLVideoCollectionCell.m */; };
		32D3DCC124F181610098D608 /* KLVideoModel.m in Sources */ = {isa = PBXBuildFile; fileRef = 32D3DC9224F181610098D608 /* KLVideoModel.m */; };
		32D3DCC324F181610098D608 /* KLVideoCollectionView.m in Sources */ = {isa = PBXBuildFile; fileRef = 32D3DC9624F181610098D608 /* KLVideoCollectionView.m */; };
		32D3DCC424F181610098D608 /* KLZoomHeaderViewController.m in Sources */ = {isa = PBXBuildFile; fileRef = 32D3DC9C24F181610098D608 /* KLZoomHeaderViewController.m */; };
		32D3DCC524F181610098D608 /* KLMomentViewController.m in Sources */ = {isa = PBXBuildFile; fileRef = 32D3DC9E24F181610098D608 /* KLMomentViewController.m */; };
		32D3DCC624F181610098D608 /* KLMsgDetailViewController.m in Sources */ = {isa = PBXBuildFile; fileRef = 32D3DCA224F181610098D608 /* KLMsgDetailViewController.m */; };
		32D3DCC724F181610098D608 /* KLMsgSystemViewController.m in Sources */ = {isa = PBXBuildFile; fileRef = 32D3DCA324F181610098D608 /* KLMsgSystemViewController.m */; };
		32D3DCC824F181610098D608 /* KLMessageViewController.m in Sources */ = {isa = PBXBuildFile; fileRef = 32D3DCA724F181610098D608 /* KLMessageViewController.m */; };
		32D3DCC924F181610098D608 /* KLMineViewController.m in Sources */ = {isa = PBXBuildFile; fileRef = 32D3DCAC24F181610098D608 /* KLMineViewController.m */; };
		32D3DCCA24F181610098D608 /* KLUserInfoBaseView.m in Sources */ = {isa = PBXBuildFile; fileRef = 32D3DCB024F181610098D608 /* KLUserInfoBaseView.m */; };
		32D3DCCB24F181610098D608 /* KLUserHeaderView.m in Sources */ = {isa = PBXBuildFile; fileRef = 32D3DCB224F181610098D608 /* KLUserHeaderView.m */; };
		32D3DCCC24F181610098D608 /* lufei.jpg in Resources */ = {isa = PBXBuildFile; fileRef = 32D3DCB524F181610098D608 /* lufei.jpg */; };
		32D3DCCD24F181610098D608 /* KLNavigationController.m in Sources */ = {isa = PBXBuildFile; fileRef = 32D3DCB724F181610098D608 /* KLNavigationController.m */; };
		32D3DCCE24F181610098D608 /* KLTabBarController.m in Sources */ = {isa = PBXBuildFile; fileRef = 32D3DCB824F181610098D608 /* KLTabBarController.m */; };
		32D3DCD624F181800098D608 /* UIColor+Extra.m in Sources */ = {isa = PBXBuildFile; fileRef = 32D3DCD224F181800098D608 /* UIColor+Extra.m */; };
		32D3DCD724F181800098D608 /* JJBaseViewController.m in Sources */ = {isa = PBXBuildFile; fileRef = 32D3DCD524F181800098D608 /* JJBaseViewController.m */; };
		32D3DD6324F18BC50098D608 /* JJClubListViewController.m in Sources */ = {isa = PBXBuildFile; fileRef = 32D3DD2F24F18BC50098D608 /* JJClubListViewController.m */; };
		32D3DD6424F18BC50098D608 /* JJClubViewController.m in Sources */ = {isa = PBXBuildFile; fileRef = 32D3DD3024F18BC50098D608 /* JJClubViewController.m */; };
		32D3DD6724F18BC50098D608 /* JJHomeViewController.m in Sources */ = {isa = PBXBuildFile; fileRef = 32D3DD3A24F18BC50098D608 /* JJHomeViewController.m */; };
		32D3DD6B24F18BC60098D608 /* JJZoomHeaderViewController.m in Sources */ = {isa = PBXBuildFile; fileRef = 32D3DD4724F18BC50098D608 /* JJZoomHeaderViewController.m */; };
		32D3DD6C24F18BC60098D608 /* JJMomentViewController.m in Sources */ = {isa = PBXBuildFile; fileRef = 32D3DD4924F18BC50098D608 /* JJMomentViewController.m */; };
		32D3DD6D24F18BC60098D608 /* JJMsgDetailViewController.m in Sources */ = {isa = PBXBuildFile; fileRef = 32D3DD4D24F18BC50098D608 /* JJMsgDetailViewController.m */; };
		32D3DD6E24F18BC60098D608 /* JJMsgSystemViewController.m in Sources */ = {isa = PBXBuildFile; fileRef = 32D3DD4E24F18BC50098D608 /* JJMsgSystemViewController.m */; };
		32D3DD6F24F18BC60098D608 /* JJMessageViewController.m in Sources */ = {isa = PBXBuildFile; fileRef = 32D3DD5224F18BC50098D608 /* JJMessageViewController.m */; };
		32D3DD7024F18BC60098D608 /* JJMineViewController.m in Sources */ = {isa = PBXBuildFile; fileRef = 32D3DD5524F18BC50098D608 /* JJMineViewController.m */; };
		32D3DD7124F18BC60098D608 /* JJUserInfoBaseView.m in Sources */ = {isa = PBXBuildFile; fileRef = 32D3DD5824F18BC50098D608 /* JJUserInfoBaseView.m */; };
		32D3DD7224F18BC60098D608 /* JJUserHeaderView.m in Sources */ = {isa = PBXBuildFile; fileRef = 32D3DD5A24F18BC50098D608 /* JJUserHeaderView.m */; };
		32D3DD7424F18BC60098D608 /* JJNavigationController.m in Sources */ = {isa = PBXBuildFile; fileRef = 32D3DD5F24F18BC50098D608 /* JJNavigationController.m */; };
		32D3DD7524F18BC60098D608 /* JJTabBarController.m in Sources */ = {isa = PBXBuildFile; fileRef = 32D3DD6024F18BC50098D608 /* JJTabBarController.m */; };
		32D3DD7924F18CFB0098D608 /* JJBaseTableView.m in Sources */ = {isa = PBXBuildFile; fileRef = 32D3DD7824F18CFB0098D608 /* JJBaseTableView.m */; };
		32D3DD7C24F18D560098D608 /* JJTableView.m in Sources */ = {isa = PBXBuildFile; fileRef = 32D3DD7B24F18D560098D608 /* JJTableView.m */; };
		32D3DD8124F18E580098D608 /* JJEmptyViewController.m in Sources */ = {isa = PBXBuildFile; fileRef = 32D3DD8024F18E580098D608 /* JJEmptyViewController.m */; };
		32D3DD8524F18F270098D608 /* JJBaseNavigationView.m in Sources */ = {isa = PBXBuildFile; fileRef = 32D3DD8424F18F270098D608 /* JJBaseNavigationView.m */; };
		32D3DD8A24F1A0E00098D608 /* UIView+JJEmptyView.m in Sources */ = {isa = PBXBuildFile; fileRef = 32D3DD8924F1A0E00098D608 /* UIView+JJEmptyView.m */; };
		32D3DD8F24F1B9B40098D608 /* MBProgressHUD.m in Sources */ = {isa = PBXBuildFile; fileRef = 32D3DD8D24F1B9B40098D608 /* MBProgressHUD.m */; };
		32D3DDB624F1BD1F0098D608 /* JJToast.m in Sources */ = {isa = PBXBuildFile; fileRef = 32D3DDAD24F1BD1E0098D608 /* JJToast.m */; };
		32D3DDB724F1BD1F0098D608 /* JJBaseToast.m in Sources */ = {isa = PBXBuildFile; fileRef = 32D3DDB124F1BD1E0098D608 /* JJBaseToast.m */; };
		32D3DDB824F1BD1F0098D608 /* JJToast+Window.m in Sources */ = {isa = PBXBuildFile; fileRef = 32D3DDB224F1BD1F0098D608 /* JJToast+Window.m */; };
		32D3DDB924F1BD1F0098D608 /* JJCustomView.m in Sources */ = {isa = PBXBuildFile; fileRef = 32D3DDB524F1BD1F0098D608 /* JJCustomView.m */; };
		32D3DDBC24F1BE250098D608 /* NSString+Extra.m in Sources */ = {isa = PBXBuildFile; fileRef = 32D3DDBB24F1BE250098D608 /* NSString+Extra.m */; };
		CA266E4349B178249216DF36 /* Pods_iOS_Tools.framework in Frameworks */ = {isa = PBXBuildFile; fileRef = AB825EA5F681104DC389EB34 /* Pods_iOS_Tools.framework */; };
/* End PBXBuildFile section */

/* Begin PBXFileReference section */
		183541373169CF659B3164C6 /* Pods-iOS_Tools.debug.xcconfig */ = {isa = PBXFileReference; includeInIndex = 1; lastKnownFileType = text.xcconfig; name = "Pods-iOS_Tools.debug.xcconfig"; path = "Target Support Files/Pods-iOS_Tools/Pods-iOS_Tools.debug.xcconfig"; sourceTree = "<group>"; };
		32D3DC3B24F14E280098D608 /* iOS_Tools.app */ = {isa = PBXFileReference; explicitFileType = wrapper.application; includeInIndex = 0; path = iOS_Tools.app; sourceTree = BUILT_PRODUCTS_DIR; };
		32D3DC3E24F14E280098D608 /* AppDelegate.h */ = {isa = PBXFileReference; lastKnownFileType = sourcecode.c.h; path = AppDelegate.h; sourceTree = "<group>"; };
		32D3DC3F24F14E280098D608 /* AppDelegate.m */ = {isa = PBXFileReference; lastKnownFileType = sourcecode.c.objc; path = AppDelegate.m; sourceTree = "<group>"; };
		32D3DC4424F14E280098D608 /* ViewController.h */ = {isa = PBXFileReference; lastKnownFileType = sourcecode.c.h; path = ViewController.h; sourceTree = "<group>"; };
		32D3DC4524F14E280098D608 /* ViewController.m */ = {isa = PBXFileReference; lastKnownFileType = sourcecode.c.objc; path = ViewController.m; sourceTree = "<group>"; };
		32D3DC4824F14E280098D608 /* Base */ = {isa = PBXFileReference; lastKnownFileType = file.storyboard; name = Base; path = Base.lproj/Main.storyboard; sourceTree = "<group>"; };
		32D3DC4A24F14E290098D608 /* Assets.xcassets */ = {isa = PBXFileReference; lastKnownFileType = folder.assetcatalog; path = Assets.xcassets; sourceTree = "<group>"; };
		32D3DC4D24F14E290098D608 /* Base */ = {isa = PBXFileReference; lastKnownFileType = file.storyboard; name = Base; path = Base.lproj/LaunchScreen.storyboard; sourceTree = "<group>"; };
		32D3DC4F24F14E290098D608 /* Info.plist */ = {isa = PBXFileReference; lastKnownFileType = text.plist.xml; path = Info.plist; sourceTree = "<group>"; };
		32D3DC5024F14E290098D608 /* main.m */ = {isa = PBXFileReference; lastKnownFileType = sourcecode.c.objc; path = main.m; sourceTree = "<group>"; };
		32D3DC7F24F181610098D608 /* KLClubListViewController.m */ = {isa = PBXFileReference; fileEncoding = 4; lastKnownFileType = sourcecode.c.objc; path = KLClubListViewController.m; sourceTree = "<group>"; };
		32D3DC8024F181610098D608 /* KLClubViewController.m */ = {isa = PBXFileReference; fileEncoding = 4; lastKnownFileType = sourcecode.c.objc; path = KLClubViewController.m; sourceTree = "<group>"; };
		32D3DC8124F181610098D608 /* KLClubListViewController.h */ = {isa = PBXFileReference; fileEncoding = 4; lastKnownFileType = sourcecode.c.h; path = KLClubListViewController.h; sourceTree = "<group>"; };
		32D3DC8224F181610098D608 /* KLClubViewController.h */ = {isa = PBXFileReference; fileEncoding = 4; lastKnownFileType = sourcecode.c.h; path = KLClubViewController.h; sourceTree = "<group>"; };
		32D3DC8824F181610098D608 /* KLVideoFocusViewController.h */ = {isa = PBXFileReference; fileEncoding = 4; lastKnownFileType = sourcecode.c.h; path = KLVideoFocusViewController.h; sourceTree = "<group>"; };
		32D3DC8924F181610098D608 /* KLVideoFollowViewController.h */ = {isa = PBXFileReference; fileEncoding = 4; lastKnownFileType = sourcecode.c.h; path = KLVideoFollowViewController.h; sourceTree = "<group>"; };
		32D3DC8A24F181610098D608 /* KLHomeViewController.h */ = {isa = PBXFileReference; fileEncoding = 4; lastKnownFileType = sourcecode.c.h; path = KLHomeViewController.h; sourceTree = "<group>"; };
		32D3DC8B24F181610098D608 /* KLVideoFocusViewController.m */ = {isa = PBXFileReference; fileEncoding = 4; lastKnownFileType = sourcecode.c.objc; path = KLVideoFocusViewController.m; sourceTree = "<group>"; };
		32D3DC8C24F181610098D608 /* KLVideoFollowViewController.m */ = {isa = PBXFileReference; fileEncoding = 4; lastKnownFileType = sourcecode.c.objc; path = KLVideoFollowViewController.m; sourceTree = "<group>"; };
		32D3DC8D24F181610098D608 /* KLHomeViewController.m */ = {isa = PBXFileReference; fileEncoding = 4; lastKnownFileType = sourcecode.c.objc; path = KLHomeViewController.m; sourceTree = "<group>"; };
		32D3DC8F24F181610098D608 /* KLVideoCollectionCell.m */ = {isa = PBXFileReference; fileEncoding = 4; lastKnownFileType = sourcecode.c.objc; path = KLVideoCollectionCell.m; sourceTree = "<group>"; };
		32D3DC9024F181610098D608 /* KLVideoCollectionCell.h */ = {isa = PBXFileReference; fileEncoding = 4; lastKnownFileType = sourcecode.c.h; path = KLVideoCollectionCell.h; sourceTree = "<group>"; };
		32D3DC9224F181610098D608 /* KLVideoModel.m */ = {isa = PBXFileReference; fileEncoding = 4; lastKnownFileType = sourcecode.c.objc; path = KLVideoModel.m; sourceTree = "<group>"; };
		32D3DC9324F181610098D608 /* KLVideoModel.h */ = {isa = PBXFileReference; fileEncoding = 4; lastKnownFileType = sourcecode.c.h; path = KLVideoModel.h; sourceTree = "<group>"; };
		32D3DC9624F181610098D608 /* KLVideoCollectionView.m */ = {isa = PBXFileReference; fileEncoding = 4; lastKnownFileType = sourcecode.c.objc; path = KLVideoCollectionView.m; sourceTree = "<group>"; };
		32D3DC9824F181610098D608 /* KLVideoCollectionView.h */ = {isa = PBXFileReference; fileEncoding = 4; lastKnownFileType = sourcecode.c.h; path = KLVideoCollectionView.h; sourceTree = "<group>"; };
		32D3DC9B24F181610098D608 /* KLZoomHeaderViewController.h */ = {isa = PBXFileReference; fileEncoding = 4; lastKnownFileType = sourcecode.c.h; path = KLZoomHeaderViewController.h; sourceTree = "<group>"; };
		32D3DC9C24F181610098D608 /* KLZoomHeaderViewController.m */ = {isa = PBXFileReference; fileEncoding = 4; lastKnownFileType = sourcecode.c.objc; path = KLZoomHeaderViewController.m; sourceTree = "<group>"; };
		32D3DC9E24F181610098D608 /* KLMomentViewController.m */ = {isa = PBXFileReference; fileEncoding = 4; lastKnownFileType = sourcecode.c.objc; path = KLMomentViewController.m; sourceTree = "<group>"; };
		32D3DC9F24F181610098D608 /* KLMomentViewController.h */ = {isa = PBXFileReference; fileEncoding = 4; lastKnownFileType = sourcecode.c.h; path = KLMomentViewController.h; sourceTree = "<group>"; };
		32D3DCA224F181610098D608 /* KLMsgDetailViewController.m */ = {isa = PBXFileReference; fileEncoding = 4; lastKnownFileType = sourcecode.c.objc; path = KLMsgDetailViewController.m; sourceTree = "<group>"; };
		32D3DCA324F181610098D608 /* KLMsgSystemViewController.m */ = {isa = PBXFileReference; fileEncoding = 4; lastKnownFileType = sourcecode.c.objc; path = KLMsgSystemViewController.m; sourceTree = "<group>"; };
		32D3DCA424F181610098D608 /* KLMessageViewController.h */ = {isa = PBXFileReference; fileEncoding = 4; lastKnownFileType = sourcecode.c.h; path = KLMessageViewController.h; sourceTree = "<group>"; };
		32D3DCA524F181610098D608 /* KLMsgSystemViewController.h */ = {isa = PBXFileReference; fileEncoding = 4; lastKnownFileType = sourcecode.c.h; path = KLMsgSystemViewController.h; sourceTree = "<group>"; };
		32D3DCA624F181610098D608 /* KLMsgDetailViewController.h */ = {isa = PBXFileReference; fileEncoding = 4; lastKnownFileType = sourcecode.c.h; path = KLMsgDetailViewController.h; sourceTree = "<group>"; };
		32D3DCA724F181610098D608 /* KLMessageViewController.m */ = {isa = PBXFileReference; fileEncoding = 4; lastKnownFileType = sourcecode.c.objc; path = KLMessageViewController.m; sourceTree = "<group>"; };
		32D3DCAC24F181610098D608 /* KLMineViewController.m */ = {isa = PBXFileReference; fileEncoding = 4; lastKnownFileType = sourcecode.c.objc; path = KLMineViewController.m; sourceTree = "<group>"; };
		32D3DCAD24F181610098D608 /* KLMineViewController.h */ = {isa = PBXFileReference; fileEncoding = 4; lastKnownFileType = sourcecode.c.h; path = KLMineViewController.h; sourceTree = "<group>"; };
		32D3DCB024F181610098D608 /* KLUserInfoBaseView.m */ = {isa = PBXFileReference; fileEncoding = 4; lastKnownFileType = sourcecode.c.objc; path = KLUserInfoBaseView.m; sourceTree = "<group>"; };
		32D3DCB124F181610098D608 /* KLUserHeaderView.h */ = {isa = PBXFileReference; fileEncoding = 4; lastKnownFileType = sourcecode.c.h; path = KLUserHeaderView.h; sourceTree = "<group>"; };
		32D3DCB224F181610098D608 /* KLUserHeaderView.m */ = {isa = PBXFileReference; fileEncoding = 4; lastKnownFileType = sourcecode.c.objc; path = KLUserHeaderView.m; sourceTree = "<group>"; };
		32D3DCB324F181610098D608 /* KLUserInfoBaseView.h */ = {isa = PBXFileReference; fileEncoding = 4; lastKnownFileType = sourcecode.c.h; path = KLUserInfoBaseView.h; sourceTree = "<group>"; };
		32D3DCB524F181610098D608 /* lufei.jpg */ = {isa = PBXFileReference; lastKnownFileType = image.jpeg; path = lufei.jpg; sourceTree = "<group>"; };
		32D3DCB724F181610098D608 /* KLNavigationController.m */ = {isa = PBXFileReference; fileEncoding = 4; lastKnownFileType = sourcecode.c.objc; path = KLNavigationController.m; sourceTree = "<group>"; };
		32D3DCB824F181610098D608 /* KLTabBarController.m */ = {isa = PBXFileReference; fileEncoding = 4; lastKnownFileType = sourcecode.c.objc; path = KLTabBarController.m; sourceTree = "<group>"; };
		32D3DCB924F181610098D608 /* KLTabBarController.h */ = {isa = PBXFileReference; fileEncoding = 4; lastKnownFileType = sourcecode.c.h; path = KLTabBarController.h; sourceTree = "<group>"; };
		32D3DCBA24F181610098D608 /* KLNavigationController.h */ = {isa = PBXFileReference; fileEncoding = 4; lastKnownFileType = sourcecode.c.h; path = KLNavigationController.h; sourceTree = "<group>"; };
		32D3DCD124F181800098D608 /* UIColor+Extra.h */ = {isa = PBXFileReference; fileEncoding = 4; lastKnownFileType = sourcecode.c.h; path = "UIColor+Extra.h"; sourceTree = "<group>"; };
		32D3DCD224F181800098D608 /* UIColor+Extra.m */ = {isa = PBXFileReference; fileEncoding = 4; lastKnownFileType = sourcecode.c.objc; path = "UIColor+Extra.m"; sourceTree = "<group>"; };
		32D3DCD424F181800098D608 /* JJBaseViewController.h */ = {isa = PBXFileReference; fileEncoding = 4; lastKnownFileType = sourcecode.c.h; path = JJBaseViewController.h; sourceTree = "<group>"; };
		32D3DCD524F181800098D608 /* JJBaseViewController.m */ = {isa = PBXFileReference; fileEncoding = 4; lastKnownFileType = sourcecode.c.objc; path = JJBaseViewController.m; sourceTree = "<group>"; };
		32D3DCD924F181940098D608 /* JJAppConfig.h */ = {isa = PBXFileReference; fileEncoding = 4; lastKnownFileType = sourcecode.c.h; path = JJAppConfig.h; sourceTree = "<group>"; };
		32D3DCDA24F181EF0098D608 /* ToolsPrefixHeader.pch */ = {isa = PBXFileReference; lastKnownFileType = sourcecode.c.h; path = ToolsPrefixHeader.pch; sourceTree = "<group>"; };
		32D3DD2F24F18BC50098D608 /* JJClubListViewController.m */ = {isa = PBXFileReference; fileEncoding = 4; lastKnownFileType = sourcecode.c.objc; path = JJClubListViewController.m; sourceTree = "<group>"; };
		32D3DD3024F18BC50098D608 /* JJClubViewController.m */ = {isa = PBXFileReference; fileEncoding = 4; lastKnownFileType = sourcecode.c.objc; path = JJClubViewController.m; sourceTree = "<group>"; };
		32D3DD3124F18BC50098D608 /* JJClubListViewController.h */ = {isa = PBXFileReference; fileEncoding = 4; lastKnownFileType = sourcecode.c.h; path = JJClubListViewController.h; sourceTree = "<group>"; };
		32D3DD3224F18BC50098D608 /* JJClubViewController.h */ = {isa = PBXFileReference; fileEncoding = 4; lastKnownFileType = sourcecode.c.h; path = JJClubViewController.h; sourceTree = "<group>"; };
		32D3DD3724F18BC50098D608 /* JJHomeViewController.h */ = {isa = PBXFileReference; fileEncoding = 4; lastKnownFileType = sourcecode.c.h; path = JJHomeViewController.h; sourceTree = "<group>"; };
		32D3DD3A24F18BC50098D608 /* JJHomeViewController.m */ = {isa = PBXFileReference; fileEncoding = 4; lastKnownFileType = sourcecode.c.objc; path = JJHomeViewController.m; sourceTree = "<group>"; };
		32D3DD4624F18BC50098D608 /* JJZoomHeaderViewController.h */ = {isa = PBXFileReference; fileEncoding = 4; lastKnownFileType = sourcecode.c.h; path = JJZoomHeaderViewController.h; sourceTree = "<group>"; };
		32D3DD4724F18BC50098D608 /* JJZoomHeaderViewController.m */ = {isa = PBXFileReference; fileEncoding = 4; lastKnownFileType = sourcecode.c.objc; path = JJZoomHeaderViewController.m; sourceTree = "<group>"; };
		32D3DD4924F18BC50098D608 /* JJMomentViewController.m */ = {isa = PBXFileReference; fileEncoding = 4; lastKnownFileType = sourcecode.c.objc; path = JJMomentViewController.m; sourceTree = "<group>"; };
		32D3DD4A24F18BC50098D608 /* JJMomentViewController.h */ = {isa = PBXFileReference; fileEncoding = 4; lastKnownFileType = sourcecode.c.h; path = JJMomentViewController.h; sourceTree = "<group>"; };
		32D3DD4D24F18BC50098D608 /* JJMsgDetailViewController.m */ = {isa = PBXFileReference; fileEncoding = 4; lastKnownFileType = sourcecode.c.objc; path = JJMsgDetailViewController.m; sourceTree = "<group>"; };
		32D3DD4E24F18BC50098D608 /* JJMsgSystemViewController.m */ = {isa = PBXFileReference; fileEncoding = 4; lastKnownFileType = sourcecode.c.objc; path = JJMsgSystemViewController.m; sourceTree = "<group>"; };
		32D3DD4F24F18BC50098D608 /* JJMessageViewController.h */ = {isa = PBXFileReference; fileEncoding = 4; lastKnownFileType = sourcecode.c.h; path = JJMessageViewController.h; sourceTree = "<group>"; };
		32D3DD5024F18BC50098D608 /* JJMsgSystemViewController.h */ = {isa = PBXFileReference; fileEncoding = 4; lastKnownFileType = sourcecode.c.h; path = JJMsgSystemViewController.h; sourceTree = "<group>"; };
		32D3DD5124F18BC50098D608 /* JJMsgDetailViewController.h */ = {isa = PBXFileReference; fileEncoding = 4; lastKnownFileType = sourcecode.c.h; path = JJMsgDetailViewController.h; sourceTree = "<group>"; };
		32D3DD5224F18BC50098D608 /* JJMessageViewController.m */ = {isa = PBXFileReference; fileEncoding = 4; lastKnownFileType = sourcecode.c.objc; path = JJMessageViewController.m; sourceTree = "<group>"; };
		32D3DD5524F18BC50098D608 /* JJMineViewController.m */ = {isa = PBXFileReference; fileEncoding = 4; lastKnownFileType = sourcecode.c.objc; path = JJMineViewController.m; sourceTree = "<group>"; };
		32D3DD5624F18BC50098D608 /* JJMineViewController.h */ = {isa = PBXFileReference; fileEncoding = 4; lastKnownFileType = sourcecode.c.h; path = JJMineViewController.h; sourceTree = "<group>"; };
		32D3DD5824F18BC50098D608 /* JJUserInfoBaseView.m */ = {isa = PBXFileReference; fileEncoding = 4; lastKnownFileType = sourcecode.c.objc; path = JJUserInfoBaseView.m; sourceTree = "<group>"; };
		32D3DD5924F18BC50098D608 /* JJUserHeaderView.h */ = {isa = PBXFileReference; fileEncoding = 4; lastKnownFileType = sourcecode.c.h; path = JJUserHeaderView.h; sourceTree = "<group>"; };
		32D3DD5A24F18BC50098D608 /* JJUserHeaderView.m */ = {isa = PBXFileReference; fileEncoding = 4; lastKnownFileType = sourcecode.c.objc; path = JJUserHeaderView.m; sourceTree = "<group>"; };
		32D3DD5B24F18BC50098D608 /* JJUserInfoBaseView.h */ = {isa = PBXFileReference; fileEncoding = 4; lastKnownFileType = sourcecode.c.h; path = JJUserInfoBaseView.h; sourceTree = "<group>"; };
		32D3DD5F24F18BC50098D608 /* JJNavigationController.m */ = {isa = PBXFileReference; fileEncoding = 4; lastKnownFileType = sourcecode.c.objc; path = JJNavigationController.m; sourceTree = "<group>"; };
		32D3DD6024F18BC50098D608 /* JJTabBarController.m */ = {isa = PBXFileReference; fileEncoding = 4; lastKnownFileType = sourcecode.c.objc; path = JJTabBarController.m; sourceTree = "<group>"; };
		32D3DD6124F18BC50098D608 /* JJTabBarController.h */ = {isa = PBXFileReference; fileEncoding = 4; lastKnownFileType = sourcecode.c.h; path = JJTabBarController.h; sourceTree = "<group>"; };
		32D3DD6224F18BC50098D608 /* JJNavigationController.h */ = {isa = PBXFileReference; fileEncoding = 4; lastKnownFileType = sourcecode.c.h; path = JJNavigationController.h; sourceTree = "<group>"; };
		32D3DD7724F18CFB0098D608 /* JJBaseTableView.h */ = {isa = PBXFileReference; lastKnownFileType = sourcecode.c.h; path = JJBaseTableView.h; sourceTree = "<group>"; };
		32D3DD7824F18CFB0098D608 /* JJBaseTableView.m */ = {isa = PBXFileReference; lastKnownFileType = sourcecode.c.objc; path = JJBaseTableView.m; sourceTree = "<group>"; };
		32D3DD7A24F18D560098D608 /* JJTableView.h */ = {isa = PBXFileReference; lastKnownFileType = sourcecode.c.h; path = JJTableView.h; sourceTree = "<group>"; };
		32D3DD7B24F18D560098D608 /* JJTableView.m */ = {isa = PBXFileReference; lastKnownFileType = sourcecode.c.objc; path = JJTableView.m; sourceTree = "<group>"; };
		32D3DD7F24F18E580098D608 /* JJEmptyViewController.h */ = {isa = PBXFileReference; lastKnownFileType = sourcecode.c.h; path = JJEmptyViewController.h; sourceTree = "<group>"; };
		32D3DD8024F18E580098D608 /* JJEmptyViewController.m */ = {isa = PBXFileReference; lastKnownFileType = sourcecode.c.objc; path = JJEmptyViewController.m; sourceTree = "<group>"; };
		32D3DD8324F18F270098D608 /* JJBaseNavigationView.h */ = {isa = PBXFileReference; lastKnownFileType = sourcecode.c.h; path = JJBaseNavigationView.h; sourceTree = "<group>"; };
		32D3DD8424F18F270098D608 /* JJBaseNavigationView.m */ = {isa = PBXFileReference; lastKnownFileType = sourcecode.c.objc; path = JJBaseNavigationView.m; sourceTree = "<group>"; };
		32D3DD8824F1A0E00098D608 /* UIView+JJEmptyView.h */ = {isa = PBXFileReference; lastKnownFileType = sourcecode.c.h; path = "UIView+JJEmptyView.h"; sourceTree = "<group>"; };
		32D3DD8924F1A0E00098D608 /* UIView+JJEmptyView.m */ = {isa = PBXFileReference; lastKnownFileType = sourcecode.c.objc; path = "UIView+JJEmptyView.m"; sourceTree = "<group>"; };
		32D3DD8D24F1B9B40098D608 /* MBProgressHUD.m */ = {isa = PBXFileReference; fileEncoding = 4; lastKnownFileType = sourcecode.c.objc; path = MBProgressHUD.m; sourceTree = "<group>"; };
		32D3DD8E24F1B9B40098D608 /* MBProgressHUD.h */ = {isa = PBXFileReference; fileEncoding = 4; lastKnownFileType = sourcecode.c.h; path = MBProgressHUD.h; sourceTree = "<group>"; };
		32D3DDAD24F1BD1E0098D608 /* JJToast.m */ = {isa = PBXFileReference; fileEncoding = 4; lastKnownFileType = sourcecode.c.objc; path = JJToast.m; sourceTree = "<group>"; };
		32D3DDAE24F1BD1E0098D608 /* JJBaseToast.h */ = {isa = PBXFileReference; fileEncoding = 4; lastKnownFileType = sourcecode.c.h; path = JJBaseToast.h; sourceTree = "<group>"; };
		32D3DDAF24F1BD1E0098D608 /* JJToast+Window.h */ = {isa = PBXFileReference; fileEncoding = 4; lastKnownFileType = sourcecode.c.h; path = "JJToast+Window.h"; sourceTree = "<group>"; };
		32D3DDB024F1BD1E0098D608 /* JJCustomView.h */ = {isa = PBXFileReference; fileEncoding = 4; lastKnownFileType = sourcecode.c.h; path = JJCustomView.h; sourceTree = "<group>"; };
		32D3DDB124F1BD1E0098D608 /* JJBaseToast.m */ = {isa = PBXFileReference; fileEncoding = 4; lastKnownFileType = sourcecode.c.objc; path = JJBaseToast.m; sourceTree = "<group>"; };
		32D3DDB224F1BD1F0098D608 /* JJToast+Window.m */ = {isa = PBXFileReference; fileEncoding = 4; lastKnownFileType = sourcecode.c.objc; path = "JJToast+Window.m"; sourceTree = "<group>"; };
		32D3DDB324F1BD1F0098D608 /* JJToastHeader.h */ = {isa = PBXFileReference; fileEncoding = 4; lastKnownFileType = sourcecode.c.h; path = JJToastHeader.h; sourceTree = "<group>"; };
		32D3DDB424F1BD1F0098D608 /* JJToast.h */ = {isa = PBXFileReference; fileEncoding = 4; lastKnownFileType = sourcecode.c.h; path = JJToast.h; sourceTree = "<group>"; };
		32D3DDB524F1BD1F0098D608 /* JJCustomView.m */ = {isa = PBXFileReference; fileEncoding = 4; lastKnownFileType = sourcecode.c.objc; path = JJCustomView.m; sourceTree = "<group>"; };
		32D3DDBA24F1BE250098D608 /* NSString+Extra.h */ = {isa = PBXFileReference; lastKnownFileType = sourcecode.c.h; path = "NSString+Extra.h"; sourceTree = "<group>"; };
		32D3DDBB24F1BE250098D608 /* NSString+Extra.m */ = {isa = PBXFileReference; lastKnownFileType = sourcecode.c.objc; path = "NSString+Extra.m"; sourceTree = "<group>"; };
		80D20CA2196A5CC625556E6B /* Pods-iOS_Tools.release.xcconfig */ = {isa = PBXFileReference; includeInIndex = 1; lastKnownFileType = text.xcconfig; name = "Pods-iOS_Tools.release.xcconfig"; path = "Target Support Files/Pods-iOS_Tools/Pods-iOS_Tools.release.xcconfig"; sourceTree = "<group>"; };
		AB825EA5F681104DC389EB34 /* Pods_iOS_Tools.framework */ = {isa = PBXFileReference; explicitFileType = wrapper.framework; includeInIndex = 0; path = Pods_iOS_Tools.framework; sourceTree = BUILT_PRODUCTS_DIR; };
/* End PBXFileReference section */

/* Begin PBXFrameworksBuildPhase section */
		32D3DC3824F14E280098D608 /* Frameworks */ = {
			isa = PBXFrameworksBuildPhase;
			buildActionMask = 2147483647;
			files = (
				CA266E4349B178249216DF36 /* Pods_iOS_Tools.framework in Frameworks */,
			);
			runOnlyForDeploymentPostprocessing = 0;
		};
/* End PBXFrameworksBuildPhase section */

/* Begin PBXGroup section */
		32D3DC3224F14E280098D608 = {
			isa = PBXGroup;
			children = (
				32D3DC3D24F14E280098D608 /* iOS_Tools */,
				32D3DC3C24F14E280098D608 /* Products */,
				35825BCAF47C217A7588D94B /* Pods */,
				D82A72451973CF6B6465760D /* Frameworks */,
			);
			sourceTree = "<group>";
		};
		32D3DC3C24F14E280098D608 /* Products */ = {
			isa = PBXGroup;
			children = (
				32D3DC3B24F14E280098D608 /* iOS_Tools.app */,
			);
			name = Products;
			sourceTree = "<group>";
		};
		32D3DC3D24F14E280098D608 /* iOS_Tools */ = {
			isa = PBXGroup;
			children = (
				32D3DC3E24F14E280098D608 /* AppDelegate.h */,
				32D3DC3F24F14E280098D608 /* AppDelegate.m */,
				32D3DCD824F181940098D608 /* Macro */,
				32D3DD7D24F18E310098D608 /* More */,
				32D3DD2C24F18BC50098D608 /* Class */,
				32D3DC7C24F181610098D608 /* ClassJX */,
				32D3DCCF24F181800098D608 /* Common */,
				32D3DCB424F181610098D608 /* Data */,
				32D3DD8624F1A08B0098D608 /* Public */,
				32D3DC4424F14E280098D608 /* ViewController.h */,
				32D3DC4524F14E280098D608 /* ViewController.m */,
				32D3DCDA24F181EF0098D608 /* ToolsPrefixHeader.pch */,
				32D3DC4724F14E280098D608 /* Main.storyboard */,
				32D3DC4A24F14E290098D608 /* Assets.xcassets */,
				32D3DC4C24F14E290098D608 /* LaunchScreen.storyboard */,
				32D3DC4F24F14E290098D608 /* Info.plist */,
				32D3DC5024F14E290098D608 /* main.m */,
			);
			path = iOS_Tools;
			sourceTree = "<group>";
		};
		32D3DC7C24F181610098D608 /* ClassJX */ = {
			isa = PBXGroup;
			children = (
				32D3DC8624F181610098D608 /* Home */,
				32D3DC7D24F181610098D608 /* Club */,
				32D3DCB624F181610098D608 /* Main */,
				32D3DCA024F181610098D608 /* Message */,
				32D3DCAA24F181610098D608 /* Mine */,
				32D3DC9924F181610098D608 /* Moment */,
			);
			path = ClassJX;
			sourceTree = "<group>";
		};
		32D3DC7D24F181610098D608 /* Club */ = {
			isa = PBXGroup;
			children = (
				32D3DC7E24F181610098D608 /* Controller */,
				32D3DC8324F181610098D608 /* Cell */,
				32D3DC8424F181610098D608 /* Model */,
				32D3DC8524F181610098D608 /* View */,
			);
			path = Club;
			sourceTree = "<group>";
		};
		32D3DC7E24F181610098D608 /* Controller */ = {
			isa = PBXGroup;
			children = (
				32D3DC8124F181610098D608 /* KLClubListViewController.h */,
				32D3DC7F24F181610098D608 /* KLClubListViewController.m */,
				32D3DC8224F181610098D608 /* KLClubViewController.h */,
				32D3DC8024F181610098D608 /* KLClubViewController.m */,
			);
			path = Controller;
			sourceTree = "<group>";
		};
		32D3DC8324F181610098D608 /* Cell */ = {
			isa = PBXGroup;
			children = (
			);
			path = Cell;
			sourceTree = "<group>";
		};
		32D3DC8424F181610098D608 /* Model */ = {
			isa = PBXGroup;
			children = (
			);
			path = Model;
			sourceTree = "<group>";
		};
		32D3DC8524F181610098D608 /* View */ = {
			isa = PBXGroup;
			children = (
			);
			path = View;
			sourceTree = "<group>";
		};
		32D3DC8624F181610098D608 /* Home */ = {
			isa = PBXGroup;
			children = (
				32D3DC8724F181610098D608 /* Controller */,
				32D3DC8E24F181610098D608 /* Cell */,
				32D3DC9124F181610098D608 /* Model */,
				32D3DC9424F181610098D608 /* View */,
			);
			path = Home;
			sourceTree = "<group>";
		};
		32D3DC8724F181610098D608 /* Controller */ = {
			isa = PBXGroup;
			children = (
				32D3DC8A24F181610098D608 /* KLHomeViewController.h */,
				32D3DC8D24F181610098D608 /* KLHomeViewController.m */,
				32D3DC8824F181610098D608 /* KLVideoFocusViewController.h */,
				32D3DC8B24F181610098D608 /* KLVideoFocusViewController.m */,
				32D3DC8924F181610098D608 /* KLVideoFollowViewController.h */,
				32D3DC8C24F181610098D608 /* KLVideoFollowViewController.m */,
			);
			path = Controller;
			sourceTree = "<group>";
		};
		32D3DC8E24F181610098D608 /* Cell */ = {
			isa = PBXGroup;
			children = (
				32D3DC9024F181610098D608 /* KLVideoCollectionCell.h */,
				32D3DC8F24F181610098D608 /* KLVideoCollectionCell.m */,
			);
			path = Cell;
			sourceTree = "<group>";
		};
		32D3DC9124F181610098D608 /* Model */ = {
			isa = PBXGroup;
			children = (
				32D3DC9324F181610098D608 /* KLVideoModel.h */,
				32D3DC9224F181610098D608 /* KLVideoModel.m */,
			);
			path = Model;
			sourceTree = "<group>";
		};
		32D3DC9424F181610098D608 /* View */ = {
			isa = PBXGroup;
			children = (
				32D3DC9824F181610098D608 /* KLVideoCollectionView.h */,
				32D3DC9624F181610098D608 /* KLVideoCollectionView.m */,
			);
			path = View;
			sourceTree = "<group>";
		};
		32D3DC9924F181610098D608 /* Moment */ = {
			isa = PBXGroup;
			children = (
				32D3DC9A24F181610098D608 /* 头部缩放 */,
				32D3DC9D24F181610098D608 /* Controller */,
			);
			path = Moment;
			sourceTree = "<group>";
		};
		32D3DC9A24F181610098D608 /* 头部缩放 */ = {
			isa = PBXGroup;
			children = (
				32D3DC9B24F181610098D608 /* KLZoomHeaderViewController.h */,
				32D3DC9C24F181610098D608 /* KLZoomHeaderViewController.m */,
			);
			path = "头部缩放";
			sourceTree = "<group>";
		};
		32D3DC9D24F181610098D608 /* Controller */ = {
			isa = PBXGroup;
			children = (
				32D3DC9F24F181610098D608 /* KLMomentViewController.h */,
				32D3DC9E24F181610098D608 /* KLMomentViewController.m */,
			);
			path = Controller;
			sourceTree = "<group>";
		};
		32D3DCA024F181610098D608 /* Message */ = {
			isa = PBXGroup;
			children = (
				32D3DCA124F181610098D608 /* Controller */,
				32D3DCA824F181610098D608 /* Cell */,
				32D3DCA924F181610098D608 /* View */,
			);
			path = Message;
			sourceTree = "<group>";
		};
		32D3DCA124F181610098D608 /* Controller */ = {
			isa = PBXGroup;
			children = (
				32D3DCA224F181610098D608 /* KLMsgDetailViewController.m */,
				32D3DCA324F181610098D608 /* KLMsgSystemViewController.m */,
				32D3DCA424F181610098D608 /* KLMessageViewController.h */,
				32D3DCA524F181610098D608 /* KLMsgSystemViewController.h */,
				32D3DCA624F181610098D608 /* KLMsgDetailViewController.h */,
				32D3DCA724F181610098D608 /* KLMessageViewController.m */,
			);
			path = Controller;
			sourceTree = "<group>";
		};
		32D3DCA824F181610098D608 /* Cell */ = {
			isa = PBXGroup;
			children = (
			);
			path = Cell;
			sourceTree = "<group>";
		};
		32D3DCA924F181610098D608 /* View */ = {
			isa = PBXGroup;
			children = (
			);
			path = View;
			sourceTree = "<group>";
		};
		32D3DCAA24F181610098D608 /* Mine */ = {
			isa = PBXGroup;
			children = (
				32D3DCAB24F181610098D608 /* Controller */,
				32D3DCAE24F181610098D608 /* Cell */,
				32D3DCAF24F181610098D608 /* View */,
			);
			path = Mine;
			sourceTree = "<group>";
		};
		32D3DCAB24F181610098D608 /* Controller */ = {
			isa = PBXGroup;
			children = (
				32D3DCAD24F181610098D608 /* KLMineViewController.h */,
				32D3DCAC24F181610098D608 /* KLMineViewController.m */,
			);
			path = Controller;
			sourceTree = "<group>";
		};
		32D3DCAE24F181610098D608 /* Cell */ = {
			isa = PBXGroup;
			children = (
			);
			path = Cell;
			sourceTree = "<group>";
		};
		32D3DCAF24F181610098D608 /* View */ = {
			isa = PBXGroup;
			children = (
				32D3DCB124F181610098D608 /* KLUserHeaderView.h */,
				32D3DCB224F181610098D608 /* KLUserHeaderView.m */,
				32D3DCB324F181610098D608 /* KLUserInfoBaseView.h */,
				32D3DCB024F181610098D608 /* KLUserInfoBaseView.m */,
			);
			path = View;
			sourceTree = "<group>";
		};
		32D3DCB424F181610098D608 /* Data */ = {
			isa = PBXGroup;
			children = (
				32D3DD8B24F1B9670098D608 /* Third */,
				32D3DCB524F181610098D608 /* lufei.jpg */,
			);
			path = Data;
			sourceTree = "<group>";
		};
		32D3DCB624F181610098D608 /* Main */ = {
			isa = PBXGroup;
			children = (
				32D3DCBA24F181610098D608 /* KLNavigationController.h */,
				32D3DCB724F181610098D608 /* KLNavigationController.m */,
				32D3DCB924F181610098D608 /* KLTabBarController.h */,
				32D3DCB824F181610098D608 /* KLTabBarController.m */,
			);
			path = Main;
			sourceTree = "<group>";
		};
		32D3DCCF24F181800098D608 /* Common */ = {
			isa = PBXGroup;
			children = (
				32D3DCD024F181800098D608 /* Category */,
				32D3DCD324F181800098D608 /* Base */,
			);
			path = Common;
			sourceTree = "<group>";
		};
		32D3DCD024F181800098D608 /* Category */ = {
			isa = PBXGroup;
			children = (
				32D3DCD124F181800098D608 /* UIColor+Extra.h */,
				32D3DCD224F181800098D608 /* UIColor+Extra.m */,
			);
			path = Category;
			sourceTree = "<group>";
		};
		32D3DCD324F181800098D608 /* Base */ = {
			isa = PBXGroup;
			children = (
				32D3DCD424F181800098D608 /* JJBaseViewController.h */,
				32D3DCD524F181800098D608 /* JJBaseViewController.m */,
				32D3DD7724F18CFB0098D608 /* JJBaseTableView.h */,
				32D3DD7824F18CFB0098D608 /* JJBaseTableView.m */,
				32D3DD7A24F18D560098D608 /* JJTableView.h */,
				32D3DD7B24F18D560098D608 /* JJTableView.m */,
			);
			path = Base;
			sourceTree = "<group>";
		};
		32D3DCD824F181940098D608 /* Macro */ = {
			isa = PBXGroup;
			children = (
				32D3DCD924F181940098D608 /* JJAppConfig.h */,
			);
			path = Macro;
			sourceTree = "<group>";
		};
		32D3DD2C24F18BC50098D608 /* Class */ = {
			isa = PBXGroup;
			children = (
				32D3DD3324F18BC50098D608 /* Home */,
				32D3DD2D24F18BC50098D608 /* Club */,
				32D3DD4424F18BC50098D608 /* Moment */,
				32D3DD4B24F18BC50098D608 /* Message */,
				32D3DD5324F18BC50098D608 /* Mine */,
				32D3DD5E24F18BC50098D608 /* Main */,
			);
			path = Class;
			sourceTree = "<group>";
		};
		32D3DD2D24F18BC50098D608 /* Club */ = {
			isa = PBXGroup;
			children = (
				32D3DD2E24F18BC50098D608 /* Controller */,
			);
			path = Club;
			sourceTree = "<group>";
		};
		32D3DD2E24F18BC50098D608 /* Controller */ = {
			isa = PBXGroup;
			children = (
				32D3DD2F24F18BC50098D608 /* JJClubListViewController.m */,
				32D3DD3024F18BC50098D608 /* JJClubViewController.m */,
				32D3DD3124F18BC50098D608 /* JJClubListViewController.h */,
				32D3DD3224F18BC50098D608 /* JJClubViewController.h */,
			);
			path = Controller;
			sourceTree = "<group>";
		};
		32D3DD3324F18BC50098D608 /* Home */ = {
			isa = PBXGroup;
			children = (
				32D3DD3424F18BC50098D608 /* Controller */,
				32D3DD3B24F18BC50098D608 /* Cell */,
				32D3DD3E24F18BC50098D608 /* Model */,
				32D3DD4124F18BC50098D608 /* View */,
			);
			path = Home;
			sourceTree = "<group>";
		};
		32D3DD3424F18BC50098D608 /* Controller */ = {
			isa = PBXGroup;
			children = (
				32D3DD3724F18BC50098D608 /* JJHomeViewController.h */,
				32D3DD3A24F18BC50098D608 /* JJHomeViewController.m */,
			);
			path = Controller;
			sourceTree = "<group>";
		};
		32D3DD3B24F18BC50098D608 /* Cell */ = {
			isa = PBXGroup;
			children = (
			);
			path = Cell;
			sourceTree = "<group>";
		};
		32D3DD3E24F18BC50098D608 /* Model */ = {
			isa = PBXGroup;
			children = (
			);
			path = Model;
			sourceTree = "<group>";
		};
		32D3DD4124F18BC50098D608 /* View */ = {
			isa = PBXGroup;
			children = (
			);
			path = View;
			sourceTree = "<group>";
		};
		32D3DD4424F18BC50098D608 /* Moment */ = {
			isa = PBXGroup;
			children = (
				32D3DD4524F18BC50098D608 /* 头部缩放 */,
				32D3DD4824F18BC50098D608 /* Controller */,
			);
			path = Moment;
			sourceTree = "<group>";
		};
		32D3DD4524F18BC50098D608 /* 头部缩放 */ = {
			isa = PBXGroup;
			children = (
				32D3DD4624F18BC50098D608 /* JJZoomHeaderViewController.h */,
				32D3DD4724F18BC50098D608 /* JJZoomHeaderViewController.m */,
			);
			path = "头部缩放";
			sourceTree = "<group>";
		};
		32D3DD4824F18BC50098D608 /* Controller */ = {
			isa = PBXGroup;
			children = (
				32D3DD4A24F18BC50098D608 /* JJMomentViewController.h */,
				32D3DD4924F18BC50098D608 /* JJMomentViewController.m */,
			);
			path = Controller;
			sourceTree = "<group>";
		};
		32D3DD4B24F18BC50098D608 /* Message */ = {
			isa = PBXGroup;
			children = (
				32D3DD4C24F18BC50098D608 /* Controller */,
			);
			path = Message;
			sourceTree = "<group>";
		};
		32D3DD4C24F18BC50098D608 /* Controller */ = {
			isa = PBXGroup;
			children = (
				32D3DD4F24F18BC50098D608 /* JJMessageViewController.h */,
				32D3DD5224F18BC50098D608 /* JJMessageViewController.m */,
				32D3DD5124F18BC50098D608 /* JJMsgDetailViewController.h */,
				32D3DD4D24F18BC50098D608 /* JJMsgDetailViewController.m */,
				32D3DD5024F18BC50098D608 /* JJMsgSystemViewController.h */,
				32D3DD4E24F18BC50098D608 /* JJMsgSystemViewController.m */,
			);
			path = Controller;
			sourceTree = "<group>";
		};
		32D3DD5324F18BC50098D608 /* Mine */ = {
			isa = PBXGroup;
			children = (
				32D3DD5424F18BC50098D608 /* Controller */,
				32D3DD5724F18BC50098D608 /* View */,
			);
			path = Mine;
			sourceTree = "<group>";
		};
		32D3DD5424F18BC50098D608 /* Controller */ = {
			isa = PBXGroup;
			children = (
				32D3DD5524F18BC50098D608 /* JJMineViewController.m */,
				32D3DD5624F18BC50098D608 /* JJMineViewController.h */,
			);
			path = Controller;
			sourceTree = "<group>";
		};
		32D3DD5724F18BC50098D608 /* View */ = {
			isa = PBXGroup;
			children = (
				32D3DD5824F18BC50098D608 /* JJUserInfoBaseView.m */,
				32D3DD5924F18BC50098D608 /* JJUserHeaderView.h */,
				32D3DD5A24F18BC50098D608 /* JJUserHeaderView.m */,
				32D3DD5B24F18BC50098D608 /* JJUserInfoBaseView.h */,
			);
			path = View;
			sourceTree = "<group>";
		};
		32D3DD5E24F18BC50098D608 /* Main */ = {
			isa = PBXGroup;
			children = (
				32D3DD5F24F18BC50098D608 /* JJNavigationController.m */,
				32D3DD6024F18BC50098D608 /* JJTabBarController.m */,
				32D3DD6124F18BC50098D608 /* JJTabBarController.h */,
				32D3DD6224F18BC50098D608 /* JJNavigationController.h */,
			);
			path = Main;
			sourceTree = "<group>";
		};
		32D3DD7D24F18E310098D608 /* More */ = {
			isa = PBXGroup;
			children = (
				32D3DD9224F1BBD00098D608 /* MBProgressHUD */,
				32D3DD9124F1BB8A0098D608 /* 自定义转场动画 */,
				32D3DD9024F1B9F00098D608 /* 自定义Toast */,
				32D3DD8224F18EFC0098D608 /* 自定义导航栏 */,
				32D3DD7E24F18E400098D608 /* 空态图 */,
			);
			path = More;
			sourceTree = "<group>";
		};
		32D3DD7E24F18E400098D608 /* 空态图 */ = {
			isa = PBXGroup;
			children = (
				32D3DD7F24F18E580098D608 /* JJEmptyViewController.h */,
				32D3DD8024F18E580098D608 /* JJEmptyViewController.m */,
			);
			path = "空态图";
			sourceTree = "<group>";
		};
		32D3DD8224F18EFC0098D608 /* 自定义导航栏 */ = {
			isa = PBXGroup;
			children = (
				32D3DD8324F18F270098D608 /* JJBaseNavigationView.h */,
				32D3DD8424F18F270098D608 /* JJBaseNavigationView.m */,
			);
			path = "自定义导航栏";
			sourceTree = "<group>";
		};
		32D3DD8624F1A08B0098D608 /* Public */ = {
			isa = PBXGroup;
			children = (
				32D3DD8724F1A0A30098D608 /* Category */,
			);
			path = Public;
			sourceTree = "<group>";
		};
		32D3DD8724F1A0A30098D608 /* Category */ = {
			isa = PBXGroup;
			children = (
				32D3DD8824F1A0E00098D608 /* UIView+JJEmptyView.h */,
				32D3DD8924F1A0E00098D608 /* UIView+JJEmptyView.m */,
				32D3DDBA24F1BE250098D608 /* NSString+Extra.h */,
				32D3DDBB24F1BE250098D608 /* NSString+Extra.m */,
			);
			path = Category;
			sourceTree = "<group>";
		};
		32D3DD8B24F1B9670098D608 /* Third */ = {
			isa = PBXGroup;
			children = (
				32D3DD8C24F1B9B30098D608 /* MBProgressHUD */,
			);
			path = Third;
			sourceTree = "<group>";
		};
		32D3DD8C24F1B9B30098D608 /* MBProgressHUD */ = {
			isa = PBXGroup;
			children = (
				32D3DD8D24F1B9B40098D608 /* MBProgressHUD.m */,
				32D3DD8E24F1B9B40098D608 /* MBProgressHUD.h */,
			);
			path = MBProgressHUD;
			sourceTree = "<group>";
		};
		32D3DD9024F1B9F00098D608 /* 自定义Toast */ = {
			isa = PBXGroup;
			children = (
			);
			path = "自定义Toast";
			sourceTree = "<group>";
		};
		32D3DD9124F1BB8A0098D608 /* 自定义转场动画 */ = {
			isa = PBXGroup;
			children = (
			);
			path = "自定义转场动画";
			sourceTree = "<group>";
		};
		32D3DD9224F1BBD00098D608 /* MBProgressHUD */ = {
			isa = PBXGroup;
			children = (
				32D3DDAE24F1BD1E0098D608 /* JJBaseToast.h */,
				32D3DDB124F1BD1E0098D608 /* JJBaseToast.m */,
				32D3DDB024F1BD1E0098D608 /* JJCustomView.h */,
				32D3DDB524F1BD1F0098D608 /* JJCustomView.m */,
				32D3DDB424F1BD1F0098D608 /* JJToast.h */,
				32D3DDAD24F1BD1E0098D608 /* JJToast.m */,
				32D3DDAF24F1BD1E0098D608 /* JJToast+Window.h */,
				32D3DDB224F1BD1F0098D608 /* JJToast+Window.m */,
				32D3DDB324F1BD1F0098D608 /* JJToastHeader.h */,
			);
			path = MBProgressHUD;
			sourceTree = "<group>";
		};
		35825BCAF47C217A7588D94B /* Pods */ = {
			isa = PBXGroup;
			children = (
				183541373169CF659B3164C6 /* Pods-iOS_Tools.debug.xcconfig */,
				80D20CA2196A5CC625556E6B /* Pods-iOS_Tools.release.xcconfig */,
			);
			path = Pods;
			sourceTree = "<group>";
		};
		D82A72451973CF6B6465760D /* Frameworks */ = {
			isa = PBXGroup;
			children = (
				AB825EA5F681104DC389EB34 /* Pods_iOS_Tools.framework */,
			);
			name = Frameworks;
			sourceTree = "<group>";
		};
/* End PBXGroup section */

/* Begin PBXNativeTarget section */
		32D3DC3A24F14E280098D608 /* iOS_Tools */ = {
			isa = PBXNativeTarget;
			buildConfigurationList = 32D3DC5424F14E290098D608 /* Build configuration list for PBXNativeTarget "iOS_Tools" */;
			buildPhases = (
				5469C19B6B41FBEF47519FAE /* [CP] Check Pods Manifest.lock */,
				32D3DC3724F14E280098D608 /* Sources */,
				32D3DC3824F14E280098D608 /* Frameworks */,
				32D3DC3924F14E280098D608 /* Resources */,
				F8D4337E388F6A95774E3F5E /* [CP] Embed Pods Frameworks */,
			);
			buildRules = (
			);
			dependencies = (
			);
			name = iOS_Tools;
			productName = iOS_Tools;
			productReference = 32D3DC3B24F14E280098D608 /* iOS_Tools.app */;
			productType = "com.apple.product-type.application";
		};
/* End PBXNativeTarget section */

/* Begin PBXProject section */
		32D3DC3324F14E280098D608 /* Project object */ = {
			isa = PBXProject;
			attributes = {
				LastUpgradeCheck = 1160;
				ORGANIZATIONNAME = "播呗网络";
				TargetAttributes = {
					32D3DC3A24F14E280098D608 = {
						CreatedOnToolsVersion = 11.6;
					};
				};
			};
			buildConfigurationList = 32D3DC3624F14E280098D608 /* Build configuration list for PBXProject "iOS_Tools" */;
			compatibilityVersion = "Xcode 9.3";
			developmentRegion = en;
			hasScannedForEncodings = 0;
			knownRegions = (
				en,
				Base,
			);
			mainGroup = 32D3DC3224F14E280098D608;
			productRefGroup = 32D3DC3C24F14E280098D608 /* Products */;
			projectDirPath = "";
			projectRoot = "";
			targets = (
				32D3DC3A24F14E280098D608 /* iOS_Tools */,
			);
		};
/* End PBXProject section */

/* Begin PBXResourcesBuildPhase section */
		32D3DC3924F14E280098D608 /* Resources */ = {
			isa = PBXResourcesBuildPhase;
			buildActionMask = 2147483647;
			files = (
				32D3DC4E24F14E290098D608 /* LaunchScreen.storyboard in Resources */,
				32D3DCCC24F181610098D608 /* lufei.jpg in Resources */,
				32D3DC4B24F14E290098D608 /* Assets.xcassets in Resources */,
				32D3DC4924F14E280098D608 /* Main.storyboard in Resources */,
			);
			runOnlyForDeploymentPostprocessing = 0;
		};
/* End PBXResourcesBuildPhase section */

/* Begin PBXShellScriptBuildPhase section */
		5469C19B6B41FBEF47519FAE /* [CP] Check Pods Manifest.lock */ = {
			isa = PBXShellScriptBuildPhase;
			buildActionMask = 2147483647;
			files = (
			);
			inputFileListPaths = (
			);
			inputPaths = (
				"${PODS_PODFILE_DIR_PATH}/Podfile.lock",
				"${PODS_ROOT}/Manifest.lock",
			);
			name = "[CP] Check Pods Manifest.lock";
			outputFileListPaths = (
			);
			outputPaths = (
				"$(DERIVED_FILE_DIR)/Pods-iOS_Tools-checkManifestLockResult.txt",
			);
			runOnlyForDeploymentPostprocessing = 0;
			shellPath = /bin/sh;
			shellScript = "diff \"${PODS_PODFILE_DIR_PATH}/Podfile.lock\" \"${PODS_ROOT}/Manifest.lock\" > /dev/null\nif [ $? != 0 ] ; then\n    # print error to STDERR\n    echo \"error: The sandbox is not in sync with the Podfile.lock. Run 'pod install' or update your CocoaPods installation.\" >&2\n    exit 1\nfi\n# This output is used by Xcode 'outputs' to avoid re-running this script phase.\necho \"SUCCESS\" > \"${SCRIPT_OUTPUT_FILE_0}\"\n";
			showEnvVarsInLog = 0;
		};
		F8D4337E388F6A95774E3F5E /* [CP] Embed Pods Frameworks */ = {
			isa = PBXShellScriptBuildPhase;
			buildActionMask = 2147483647;
			files = (
			);
			inputFileListPaths = (
				"${PODS_ROOT}/Target Support Files/Pods-iOS_Tools/Pods-iOS_Tools-frameworks-${CONFIGURATION}-input-files.xcfilelist",
			);
			name = "[CP] Embed Pods Frameworks";
			outputFileListPaths = (
				"${PODS_ROOT}/Target Support Files/Pods-iOS_Tools/Pods-iOS_Tools-frameworks-${CONFIGURATION}-output-files.xcfilelist",
			);
			runOnlyForDeploymentPostprocessing = 0;
			shellPath = /bin/sh;
			shellScript = "\"${PODS_ROOT}/Target Support Files/Pods-iOS_Tools/Pods-iOS_Tools-frameworks.sh\"\n";
			showEnvVarsInLog = 0;
		};
/* End PBXShellScriptBuildPhase section */

/* Begin PBXSourcesBuildPhase section */
		32D3DC3724F14E280098D608 /* Sources */ = {
			isa = PBXSourcesBuildPhase;
			buildActionMask = 2147483647;
			files = (
				32D3DCC524F181610098D608 /* KLMomentViewController.m in Sources */,
				32D3DD6724F18BC50098D608 /* JJHomeViewController.m in Sources */,
				32D3DCCE24F181610098D608 /* KLTabBarController.m in Sources */,
				32D3DD6324F18BC50098D608 /* JJClubListViewController.m in Sources */,
				32D3DCC424F181610098D608 /* KLZoomHeaderViewController.m in Sources */,
				32D3DD7924F18CFB0098D608 /* JJBaseTableView.m in Sources */,
				32D3DD7524F18BC60098D608 /* JJTabBarController.m in Sources */,
				32D3DD6424F18BC50098D608 /* JJClubViewController.m in Sources */,
				32D3DC4624F14E280098D608 /* ViewController.m in Sources */,
				32D3DD7C24F18D560098D608 /* JJTableView.m in Sources */,
				32D3DD8A24F1A0E00098D608 /* UIView+JJEmptyView.m in Sources */,
				32D3DD7124F18BC60098D608 /* JJUserInfoBaseView.m in Sources */,
				32D3DC4024F14E280098D608 /* AppDelegate.m in Sources */,
				32D3DD8F24F1B9B40098D608 /* MBProgressHUD.m in Sources */,
				32D3DCBB24F181610098D608 /* KLClubListViewController.m in Sources */,
				32D3DD7424F18BC60098D608 /* JJNavigationController.m in Sources */,
				32D3DD8124F18E580098D608 /* JJEmptyViewController.m in Sources */,
				32D3DCC924F181610098D608 /* KLMineViewController.m in Sources */,
				32D3DDB724F1BD1F0098D608 /* JJBaseToast.m in Sources */,
				32D3DD7024F18BC60098D608 /* JJMineViewController.m in Sources */,
				32D3DD6F24F18BC60098D608 /* JJMessageViewController.m in Sources */,
				32D3DCD724F181800098D608 /* JJBaseViewController.m in Sources */,
				32D3DD6D24F18BC60098D608 /* JJMsgDetailViewController.m in Sources */,
				32D3DCC724F181610098D608 /* KLMsgSystemViewController.m in Sources */,
				32D3DD6E24F18BC60098D608 /* JJMsgSystemViewController.m in Sources */,
				32D3DD6C24F18BC60098D608 /* JJMomentViewController.m in Sources */,
				32D3DCC124F181610098D608 /* KLVideoModel.m in Sources */,
				32D3DCCA24F181610098D608 /* KLUserInfoBaseView.m in Sources */,
				32D3DCC324F181610098D608 /* KLVideoCollectionView.m in Sources */,
				32D3DCBE24F181610098D608 /* KLVideoFollowViewController.m in Sources */,
				32D3DCCD24F181610098D608 /* KLNavigationController.m in Sources */,
				32D3DDB624F1BD1F0098D608 /* JJToast.m in Sources */,
				32D3DD7224F18BC60098D608 /* JJUserHeaderView.m in Sources */,
				32D3DC5124F14E290098D608 /* main.m in Sources */,
				32D3DCC824F181610098D608 /* KLMessageViewController.m in Sources */,
				32D3DCBF24F181610098D608 /* KLHomeViewController.m in Sources */,
				32D3DDB824F1BD1F0098D608 /* JJToast+Window.m in Sources */,
				32D3DDBC24F1BE250098D608 /* NSString+Extra.m in Sources */,
				32D3DD6B24F18BC60098D608 /* JJZoomHeaderViewController.m in Sources */,
				32D3DCD624F181800098D608 /* UIColor+Extra.m in Sources */,
				32D3DCBC24F181610098D608 /* KLClubViewController.m in Sources */,
				32D3DD8524F18F270098D608 /* JJBaseNavigationView.m in Sources */,
				32D3DCCB24F181610098D608 /* KLUserHeaderView.m in Sources */,
				32D3DCBD24F181610098D608 /* KLVideoFocusViewController.m in Sources */,
				32D3DCC624F181610098D608 /* KLMsgDetailViewController.m in Sources */,
				32D3DCC024F181610098D608 /* KLVideoCollectionCell.m in Sources */,
				32D3DDB924F1BD1F0098D608 /* JJCustomView.m in Sources */,
			);
			runOnlyForDeploymentPostprocessing = 0;
		};
/* End PBXSourcesBuildPhase section */

/* Begin PBXVariantGroup section */
		32D3DC4724F14E280098D608 /* Main.storyboard */ = {
			isa = PBXVariantGroup;
			children = (
				32D3DC4824F14E280098D608 /* Base */,
			);
			name = Main.storyboard;
			sourceTree = "<group>";
		};
		32D3DC4C24F14E290098D608 /* LaunchScreen.storyboard */ = {
			isa = PBXVariantGroup;
			children = (
				32D3DC4D24F14E290098D608 /* Base */,
			);
			name = LaunchScreen.storyboard;
			sourceTree = "<group>";
		};
/* End PBXVariantGroup section */

/* Begin XCBuildConfiguration section */
		32D3DC5224F14E290098D608 /* Debug */ = {
			isa = XCBuildConfiguration;
			buildSettings = {
				ALWAYS_SEARCH_USER_PATHS = NO;
				CLANG_ANALYZER_NONNULL = YES;
				CLANG_ANALYZER_NUMBER_OBJECT_CONVERSION = YES_AGGRESSIVE;
				CLANG_CXX_LANGUAGE_STANDARD = "gnu++14";
				CLANG_CXX_LIBRARY = "libc++";
				CLANG_ENABLE_MODULES = YES;
				CLANG_ENABLE_OBJC_ARC = YES;
				CLANG_ENABLE_OBJC_WEAK = YES;
				CLANG_WARN_BLOCK_CAPTURE_AUTORELEASING = YES;
				CLANG_WARN_BOOL_CONVERSION = YES;
				CLANG_WARN_COMMA = YES;
				CLANG_WARN_CONSTANT_CONVERSION = YES;
				CLANG_WARN_DEPRECATED_OBJC_IMPLEMENTATIONS = YES;
				CLANG_WARN_DIRECT_OBJC_ISA_USAGE = YES_ERROR;
				CLANG_WARN_DOCUMENTATION_COMMENTS = YES;
				CLANG_WARN_EMPTY_BODY = YES;
				CLANG_WARN_ENUM_CONVERSION = YES;
				CLANG_WARN_INFINITE_RECURSION = YES;
				CLANG_WARN_INT_CONVERSION = YES;
				CLANG_WARN_NON_LITERAL_NULL_CONVERSION = YES;
				CLANG_WARN_OBJC_IMPLICIT_RETAIN_SELF = YES;
				CLANG_WARN_OBJC_LITERAL_CONVERSION = YES;
				CLANG_WARN_OBJC_ROOT_CLASS = YES_ERROR;
				CLANG_WARN_RANGE_LOOP_ANALYSIS = YES;
				CLANG_WARN_STRICT_PROTOTYPES = YES;
				CLANG_WARN_SUSPICIOUS_MOVE = YES;
				CLANG_WARN_UNGUARDED_AVAILABILITY = YES_AGGRESSIVE;
				CLANG_WARN_UNREACHABLE_CODE = YES;
				CLANG_WARN__DUPLICATE_METHOD_MATCH = YES;
				COPY_PHASE_STRIP = NO;
				DEBUG_INFORMATION_FORMAT = dwarf;
				ENABLE_STRICT_OBJC_MSGSEND = YES;
				ENABLE_TESTABILITY = YES;
				GCC_C_LANGUAGE_STANDARD = gnu11;
				GCC_DYNAMIC_NO_PIC = NO;
				GCC_NO_COMMON_BLOCKS = YES;
				GCC_OPTIMIZATION_LEVEL = 0;
				GCC_PREPROCESSOR_DEFINITIONS = (
					"DEBUG=1",
					"$(inherited)",
				);
				GCC_WARN_64_TO_32_BIT_CONVERSION = YES;
				GCC_WARN_ABOUT_RETURN_TYPE = YES_ERROR;
				GCC_WARN_UNDECLARED_SELECTOR = YES;
				GCC_WARN_UNINITIALIZED_AUTOS = YES_AGGRESSIVE;
				GCC_WARN_UNUSED_FUNCTION = YES;
				GCC_WARN_UNUSED_VARIABLE = YES;
				IPHONEOS_DEPLOYMENT_TARGET = 13.6;
				MTL_ENABLE_DEBUG_INFO = INCLUDE_SOURCE;
				MTL_FAST_MATH = YES;
				ONLY_ACTIVE_ARCH = YES;
				SDKROOT = iphoneos;
			};
			name = Debug;
		};
		32D3DC5324F14E290098D608 /* Release */ = {
			isa = XCBuildConfiguration;
			buildSettings = {
				ALWAYS_SEARCH_USER_PATHS = NO;
				CLANG_ANALYZER_NONNULL = YES;
				CLANG_ANALYZER_NUMBER_OBJECT_CONVERSION = YES_AGGRESSIVE;
				CLANG_CXX_LANGUAGE_STANDARD = "gnu++14";
				CLANG_CXX_LIBRARY = "libc++";
				CLANG_ENABLE_MODULES = YES;
				CLANG_ENABLE_OBJC_ARC = YES;
				CLANG_ENABLE_OBJC_WEAK = YES;
				CLANG_WARN_BLOCK_CAPTURE_AUTORELEASING = YES;
				CLANG_WARN_BOOL_CONVERSION = YES;
				CLANG_WARN_COMMA = YES;
				CLANG_WARN_CONSTANT_CONVERSION = YES;
				CLANG_WARN_DEPRECATED_OBJC_IMPLEMENTATIONS = YES;
				CLANG_WARN_DIRECT_OBJC_ISA_USAGE = YES_ERROR;
				CLANG_WARN_DOCUMENTATION_COMMENTS = YES;
				CLANG_WARN_EMPTY_BODY = YES;
				CLANG_WARN_ENUM_CONVERSION = YES;
				CLANG_WARN_INFINITE_RECURSION = YES;
				CLANG_WARN_INT_CONVERSION = YES;
				CLANG_WARN_NON_LITERAL_NULL_CONVERSION = YES;
				CLANG_WARN_OBJC_IMPLICIT_RETAIN_SELF = YES;
				CLANG_WARN_OBJC_LITERAL_CONVERSION = YES;
				CLANG_WARN_OBJC_ROOT_CLASS = YES_ERROR;
				CLANG_WARN_RANGE_LOOP_ANALYSIS = YES;
				CLANG_WARN_STRICT_PROTOTYPES = YES;
				CLANG_WARN_SUSPICIOUS_MOVE = YES;
				CLANG_WARN_UNGUARDED_AVAILABILITY = YES_AGGRESSIVE;
				CLANG_WARN_UNREACHABLE_CODE = YES;
				CLANG_WARN__DUPLICATE_METHOD_MATCH = YES;
				COPY_PHASE_STRIP = NO;
				DEBUG_INFORMATION_FORMAT = "dwarf-with-dsym";
				ENABLE_NS_ASSERTIONS = NO;
				ENABLE_STRICT_OBJC_MSGSEND = YES;
				GCC_C_LANGUAGE_STANDARD = gnu11;
				GCC_NO_COMMON_BLOCKS = YES;
				GCC_WARN_64_TO_32_BIT_CONVERSION = YES;
				GCC_WARN_ABOUT_RETURN_TYPE = YES_ERROR;
				GCC_WARN_UNDECLARED_SELECTOR = YES;
				GCC_WARN_UNINITIALIZED_AUTOS = YES_AGGRESSIVE;
				GCC_WARN_UNUSED_FUNCTION = YES;
				GCC_WARN_UNUSED_VARIABLE = YES;
				IPHONEOS_DEPLOYMENT_TARGET = 13.6;
				MTL_ENABLE_DEBUG_INFO = NO;
				MTL_FAST_MATH = YES;
				SDKROOT = iphoneos;
				VALIDATE_PRODUCT = YES;
			};
			name = Release;
		};
		32D3DC5524F14E290098D608 /* Debug */ = {
			isa = XCBuildConfiguration;
			baseConfigurationReference = 183541373169CF659B3164C6 /* Pods-iOS_Tools.debug.xcconfig */;
			buildSettings = {
				ASSETCATALOG_COMPILER_APPICON_NAME = AppIcon;
				CODE_SIGN_STYLE = Automatic;
				DEVELOPMENT_TEAM = 6Y6DL4AM34;
				GCC_PREFIX_HEADER = "$(PRODUCT_NAME)/ToolsPrefixHeader.pch";
				INFOPLIST_FILE = iOS_Tools/Info.plist;
				LD_RUNPATH_SEARCH_PATHS = (
					"$(inherited)",
					"@executable_path/Frameworks",
				);
				PRODUCT_BUNDLE_IDENTIFIER = "bobei.iOS-Tools";
				PRODUCT_NAME = "$(TARGET_NAME)";
				TARGETED_DEVICE_FAMILY = "1,2";
			};
			name = Debug;
		};
		32D3DC5624F14E290098D608 /* Release */ = {
			isa = XCBuildConfiguration;
			baseConfigurationReference = 80D20CA2196A5CC625556E6B /* Pods-iOS_Tools.release.xcconfig */;
			buildSettings = {
				ASSETCATALOG_COMPILER_APPICON_NAME = AppIcon;
				CODE_SIGN_STYLE = Automatic;
				DEVELOPMENT_TEAM = 6Y6DL4AM34;
				GCC_PREFIX_HEADER = "$(PRODUCT_NAME)/ToolsPrefixHeader.pch";
				INFOPLIST_FILE = iOS_Tools/Info.plist;
				LD_RUNPATH_SEARCH_PATHS = (
					"$(inherited)",
					"@executable_path/Frameworks",
				);
				PRODUCT_BUNDLE_IDENTIFIER = "bobei.iOS-Tools";
				PRODUCT_NAME = "$(TARGET_NAME)";
				TARGETED_DEVICE_FAMILY = "1,2";
			};
			name = Release;
		};
/* End XCBuildConfiguration section */

/* Begin XCConfigurationList section */
		32D3DC3624F14E280098D608 /* Build configuration list for PBXProject "iOS_Tools" */ = {
			isa = XCConfigurationList;
			buildConfigurations = (
				32D3DC5224F14E290098D608 /* Debug */,
				32D3DC5324F14E290098D608 /* Release */,
			);
			defaultConfigurationIsVisible = 0;
			defaultConfigurationName = Release;
		};
		32D3DC5424F14E290098D608 /* Build configuration list for PBXNativeTarget "iOS_Tools" */ = {
			isa = XCConfigurationList;
			buildConfigurations = (
				32D3DC5524F14E290098D608 /* Debug */,
				32D3DC5624F14E290098D608 /* Release */,
			);
			defaultConfigurationIsVisible = 0;
			defaultConfigurationName = Release;
		};
/* End XCConfigurationList section */
	};
	rootObject = 32D3DC3324F14E280098D608 /* Project object */;
}
